
Microsoft Visual Studio Solution File, Format Version 12.00
# Visual Studio Version 17
VisualStudioVersion = 17.14.36401.2 d17.14
MinimumVisualStudioVersion = 10.0.40219.1
Project("{FAE04EC0-301F-11D3-BF4B-00C04F79EFBC}") = "GreetingApp", "GreetingApp.csproj", "{01B0EC29-6256-48AE-B28E-E82715D23EF9}"
EndProject
Global
	GlobalSection(SolutionConfigurationPlatforms) = preSolution
		Debug|Any CPU = Debug|Any CPU
		Release|Any CPU = Release|Any CPU
	EndGlobalSection
	GlobalSection(ProjectConfigurationPlatforms) = postSolution
		{01B0EC29-6256-48AE-B28E-E82715D23EF9}.Debug|Any CPU.ActiveCfg = Debug|Any CPU
		{01B0EC29-6256-48AE-B28E-E82715D23EF9}.Debug|Any CPU.Build.0 = Debug|Any CPU
		{01B0EC29-6256-48AE-B28E-E82715D23EF9}.Release|Any CPU.ActiveCfg = Release|Any CPU
		{01B0EC29-6256-48AE-B28E-E82715D23EF9}.Release|Any CPU.Build.0 = Release|Any CPU
	EndGlobalSection
	GlobalSection(SolutionProperties) = preSolution
		HideSolutionNode = FALSE
	EndGlobalSection
	GlobalSection(ExtensibilityGlobals) = postSolution
		SolutionGuid = {5441B2F1-0F7F-4D1D-863D-ECB36FF9751A}
	EndGlobalSection
EndGlobal
